
Microsoft Visual Studio Solution File, Format Version 12.00
# Visual Studio 15
Project("{FAE04EC0-301F-11D3-BF4B-00C04F79EFBC}") = "Assembly-CSharp-firstpass", "Assembly-CSharp-firstpass.csproj", "{F326E58F-7FDE-48F0-5F71-428381D625B1}"
EndProject
Project("{FAE04EC0-301F-11D3-BF4B-00C04F79EFBC}") = "Assembly-CSharp", "Assembly-CSharp.csproj", "{DC2C4450-A88A-45F5-547B-C49428E8E245}"
EndProject
Project("{FAE04EC0-301F-11D3-BF4B-00C04F79EFBC}") = "Assembly-CSharp-Editor-firstpass", "Assembly-CSharp-Editor-firstpass.csproj", "{1C49709B-AFE1-C902-F968-E0F2BD9A7794}"
EndProject
Global
	GlobalSection(SolutionConfigurationPlatforms) = preSolution
		Debug|Any CPU = Debug|Any CPU
		Release|Any CPU = Release|Any CPU
	EndGlobalSection
	GlobalSection(ProjectConfigurationPlatforms) = postSolution
		{F326E58F-7FDE-48F0-5F71-428381D625B1}.Debug|Any CPU.ActiveCfg = Debug|Any CPU
		{F326E58F-7FDE-48F0-5F71-428381D625B1}.Debug|Any CPU.Build.0 = Debug|Any CPU
		{F326E58F-7FDE-48F0-5F71-428381D625B1}.Release|Any CPU.ActiveCfg = Release|Any CPU
		{F326E58F-7FDE-48F0-5F71-428381D625B1}.Release|Any CPU.Build.0 = Release|Any CPU
		{DC2C4450-A88A-45F5-547B-C49428E8E245}.Debug|Any CPU.ActiveCfg = Debug|Any CPU
		{DC2C4450-A88A-45F5-547B-C49428E8E245}.Debug|Any CPU.Build.0 = Debug|Any CPU
		{DC2C4450-A88A-45F5-547B-C49428E8E245}.Release|Any CPU.ActiveCfg = Release|Any CPU
		{DC2C4450-A88A-45F5-547B-C49428E8E245}.Release|Any CPU.Build.0 = Release|Any CPU
		{1C49709B-AFE1-C902-F968-E0F2BD9A7794}.Debug|Any CPU.ActiveCfg = Debug|Any CPU
		{1C49709B-AFE1-C902-F968-E0F2BD9A7794}.Debug|Any CPU.Build.0 = Debug|Any CPU
		{1C49709B-AFE1-C902-F968-E0F2BD9A7794}.Release|Any CPU.ActiveCfg = Release|Any CPU
		{1C49709B-AFE1-C902-F968-E0F2BD9A7794}.Release|Any CPU.Build.0 = Release|Any CPU
	EndGlobalSection
	GlobalSection(SolutionProperties) = preSolution
		HideSolutionNode = FALSE
	EndGlobalSection
EndGlobal
